{
  "name": "event-dee-types",
  "version": "1.0.0",
  "lockfileVersion": 3,
  "requires": true,
  "packages": {
    "": {
      "name": "event-dee-types",
      "version": "1.0.0",
      "license": "MIT",
      "devDependencies": {
        "@firebase/firestore-types": "^3.0.1"
      }
    },
    "node_modules/@firebase/app-types": {
      "version": "0.9.1",
      "resolved": "https://registry.npmjs.org/@firebase/app-types/-/app-types-0.9.1.tgz",
      "integrity": "sha512-nFGqTYsnDFn1oXf1tCwPAc+hQPxyvBT/QB7qDjwK+IDYThOn63nGhzdUTXxVD9Ca8gUY/e5PQMngeo0ZW/E3uQ==",
      "dev": true,
      "peer": true
    },
    "node_modules/@firebase/firestore-types": {
      "version": "3.0.1",
      "resolved": "https://registry.npmjs.org/@firebase/firestore-types/-/firestore-types-3.0.1.tgz",
      "integrity": "sha512-mVhPcHr5FICjF67m6JHgj+XRvAz/gZ62xifeGfcm00RFl6tNKfCzCfKeyB2BDIEc9dUnEstkmIXlmLIelOWoaA==",
      "dev": true,
      "peerDependencies": {
        "@firebase/app-types": "0.x",
        "@firebase/util": "1.x"
      }
    },
    "node_modules/@firebase/util": {
      "version": "1.9.5",
      "resolved": "https://registry.npmjs.org/@firebase/util/-/util-1.9.5.tgz",
      "integrity": "sha512-PP4pAFISDxsf70l3pEy34Mf3GkkUcVQ3MdKp6aSVb7tcpfUQxnsdV7twDd8EkfB6zZylH6wpUAoangQDmCUMqw==",
      "dev": true,
      "peer": true,
      "dependencies": {
        "tslib": "^2.1.0"
      }
    },
    "node_modules/tslib": {
      "version": "2.6.2",
      "resolved": "https://registry.npmjs.org/tslib/-/tslib-2.6.2.tgz",
      "integrity": "sha512-AEYxH93jGFPn/a2iVAwW87VuUIkR1FVUKB77NwMF7nBTDkDrrT/Hpt/IrCJ0QXhW27jTBDcf5ZY7w6RiqTMw2Q==",
      "dev": true,
      "peer": true
    }
  }
}
